
Microsoft Visual Studio Solution File, Format Version 12.00
# Visual Studio Version 17
VisualStudioVersion = 17.7.34221.43
MinimumVisualStudioVersion = 10.0.40219.1
Project("{8BC9CEB8-8B4A-11D0-8D11-00A0C91BC942}") = "Specter", "Specter\Specter.vcxproj", "{4271C0D6-153F-4FEB-9601-736FBCDE2A19}"
EndProject
Project("{2150E333-8FDC-42A3-9474-1A3956D46DE8}") = "Client", "Client", "{FDB2D535-1B33-4C44-A6A7-6503CB40A203}"
EndProject
Project("{2150E333-8FDC-42A3-9474-1A3956D46DE8}") = "Server", "Server", "{702E967C-3BB6-4A3D-A002-E770CAD12CA4}"
EndProject
Project("{9A19103F-16F7-4668-BE54-9A1E7A4F7556}") = "SpecterServer", "SpecterServer\SpecterServer.csproj", "{6E65E97A-1347-4694-BEBB-DE6AA062AF7E}"
EndProject
Project("{8BC9CEB8-8B4A-11D0-8D11-00A0C91BC942}") = "SpecterUnitTests", "SpecterUnitTests\SpecterUnitTests.vcxproj", "{639A3C99-86B9-47D8-9E6B-9A46CDB87008}"
EndProject
Project("{8BC9CEB8-8B4A-11D0-8D11-00A0C91BC942}") = "SpecterLib", "SpecterLib\SpecterLib.vcxproj", "{9337466F-E5C0-4A60-83BA-B8BBF04FD7CF}"
EndProject
Project("{9A19103F-16F7-4668-BE54-9A1E7A4F7556}") = "SpecterServerUnitTests", "SpecterServerTests\SpecterServerUnitTests.csproj", "{8776A247-F8AE-4670-8289-982E73A1F5EE}"
EndProject
Project("{54435603-DBB4-11D2-8724-00A0C9A8B90C}") = "SpecterInstaller", "SpecterInstaller\SpecterInstaller.vdproj", "{0E582087-4F6B-4695-B710-356870F45BA0}"
	ProjectSection(ProjectDependencies) = postProject
		{03AB686A-72C8-4AC9-9E95-174650F59691} = {03AB686A-72C8-4AC9-9E95-174650F59691}
	EndProjectSection
EndProject
Project("{8BC9CEB8-8B4A-11D0-8D11-00A0C91BC942}") = "SpecterPayloadDeployer", "SpecterPayloadDeployer\SpecterPayloadDeployer.vcxproj", "{03AB686A-72C8-4AC9-9E95-174650F59691}"
	ProjectSection(ProjectDependencies) = postProject
		{4271C0D6-153F-4FEB-9601-736FBCDE2A19} = {4271C0D6-153F-4FEB-9601-736FBCDE2A19}
	EndProjectSection
EndProject
Project("{2150E333-8FDC-42A3-9474-1A3956D46DE8}") = "Libs", "Libs", "{E7EE4D4C-EC76-4F35-9CC8-8755778D6C7B}"
EndProject
Project("{2150E333-8FDC-42A3-9474-1A3956D46DE8}") = "Executables", "Executables", "{AE691DA1-7802-42D6-9E74-FCAB56FC8C2F}"
EndProject
Project("{2150E333-8FDC-42A3-9474-1A3956D46DE8}") = "3rd Party Libs", "3rd Party Libs", "{75DFD2B9-208D-4AA7-9EE0-EF35918B9BF6}"
EndProject
Project("{8BC9CEB8-8B4A-11D0-8D11-00A0C91BC942}") = "WinReg", "3rdPartyLibs\WinReg\WinReg.vcxitems", "{76841BAC-7ED7-40AD-A8AD-8D152058EAFB}"
EndProject
Global
	GlobalSection(SolutionConfigurationPlatforms) = preSolution
		Debug|Any CPU = Debug|Any CPU
		Debug|x64 = Debug|x64
		Debug|x86 = Debug|x86
		Release|Any CPU = Release|Any CPU
		Release|x64 = Release|x64
		Release|x86 = Release|x86
	EndGlobalSection
	GlobalSection(ProjectConfigurationPlatforms) = postSolution
		{4271C0D6-153F-4FEB-9601-736FBCDE2A19}.Debug|Any CPU.ActiveCfg = Debug|Win32
		{4271C0D6-153F-4FEB-9601-736FBCDE2A19}.Debug|Any CPU.Build.0 = Debug|Win32
		{4271C0D6-153F-4FEB-9601-736FBCDE2A19}.Debug|x64.ActiveCfg = Debug|x64
		{4271C0D6-153F-4FEB-9601-736FBCDE2A19}.Debug|x86.ActiveCfg = Debug|Win32
		{4271C0D6-153F-4FEB-9601-736FBCDE2A19}.Debug|x86.Build.0 = Debug|Win32
		{4271C0D6-153F-4FEB-9601-736FBCDE2A19}.Release|Any CPU.ActiveCfg = Release|Win32
		{4271C0D6-153F-4FEB-9601-736FBCDE2A19}.Release|Any CPU.Build.0 = Release|Win32
		{4271C0D6-153F-4FEB-9601-736FBCDE2A19}.Release|x64.ActiveCfg = Release|x64
		{4271C0D6-153F-4FEB-9601-736FBCDE2A19}.Release|x86.ActiveCfg = Release|Win32
		{4271C0D6-153F-4FEB-9601-736FBCDE2A19}.Release|x86.Build.0 = Release|Win32
		{6E65E97A-1347-4694-BEBB-DE6AA062AF7E}.Debug|Any CPU.ActiveCfg = Debug|Any CPU
		{6E65E97A-1347-4694-BEBB-DE6AA062AF7E}.Debug|Any CPU.Build.0 = Debug|Any CPU
		{6E65E97A-1347-4694-BEBB-DE6AA062AF7E}.Debug|x64.ActiveCfg = Debug|Any CPU
		{6E65E97A-1347-4694-BEBB-DE6AA062AF7E}.Debug|x86.ActiveCfg = Debug|Any CPU
		{6E65E97A-1347-4694-BEBB-DE6AA062AF7E}.Debug|x86.Build.0 = Debug|Any CPU
		{6E65E97A-1347-4694-BEBB-DE6AA062AF7E}.Release|Any CPU.ActiveCfg = Release|Any CPU
		{6E65E97A-1347-4694-BEBB-DE6AA062AF7E}.Release|Any CPU.Build.0 = Release|Any CPU
		{6E65E97A-1347-4694-BEBB-DE6AA062AF7E}.Release|x64.ActiveCfg = Release|Any CPU
		{6E65E97A-1347-4694-BEBB-DE6AA062AF7E}.Release|x86.ActiveCfg = Release|Any CPU
		{6E65E97A-1347-4694-BEBB-DE6AA062AF7E}.Release|x86.Build.0 = Release|Any CPU
		{639A3C99-86B9-47D8-9E6B-9A46CDB87008}.Debug|Any CPU.ActiveCfg = Debug|Win32
		{639A3C99-86B9-47D8-9E6B-9A46CDB87008}.Debug|Any CPU.Build.0 = Debug|Win32
		{639A3C99-86B9-47D8-9E6B-9A46CDB87008}.Debug|x64.ActiveCfg = Debug|x64
		{639A3C99-86B9-47D8-9E6B-9A46CDB87008}.Debug|x86.ActiveCfg = Debug|Win32
		{639A3C99-86B9-47D8-9E6B-9A46CDB87008}.Debug|x86.Build.0 = Debug|Win32
		{639A3C99-86B9-47D8-9E6B-9A46CDB87008}.Release|Any CPU.ActiveCfg = Release|Win32
		{639A3C99-86B9-47D8-9E6B-9A46CDB87008}.Release|Any CPU.Build.0 = Release|Win32
		{639A3C99-86B9-47D8-9E6B-9A46CDB87008}.Release|x64.ActiveCfg = Release|x64
		{639A3C99-86B9-47D8-9E6B-9A46CDB87008}.Release|x86.ActiveCfg = Release|Win32
		{639A3C99-86B9-47D8-9E6B-9A46CDB87008}.Release|x86.Build.0 = Release|Win32
		{9337466F-E5C0-4A60-83BA-B8BBF04FD7CF}.Debug|Any CPU.ActiveCfg = Debug|Win32
		{9337466F-E5C0-4A60-83BA-B8BBF04FD7CF}.Debug|Any CPU.Build.0 = Debug|Win32
		{9337466F-E5C0-4A60-83BA-B8BBF04FD7CF}.Debug|x64.ActiveCfg = Debug|x64
		{9337466F-E5C0-4A60-83BA-B8BBF04FD7CF}.Debug|x86.ActiveCfg = Debug|Win32
		{9337466F-E5C0-4A60-83BA-B8BBF04FD7CF}.Debug|x86.Build.0 = Debug|Win32
		{9337466F-E5C0-4A60-83BA-B8BBF04FD7CF}.Release|Any CPU.ActiveCfg = Release|Win32
		{9337466F-E5C0-4A60-83BA-B8BBF04FD7CF}.Release|Any CPU.Build.0 = Release|Win32
		{9337466F-E5C0-4A60-83BA-B8BBF04FD7CF}.Release|x64.ActiveCfg = Release|x64
		{9337466F-E5C0-4A60-83BA-B8BBF04FD7CF}.Release|x86.ActiveCfg = Release|Win32
		{9337466F-E5C0-4A60-83BA-B8BBF04FD7CF}.Release|x86.Build.0 = Release|Win32
		{8776A247-F8AE-4670-8289-982E73A1F5EE}.Debug|Any CPU.ActiveCfg = Debug|Any CPU
		{8776A247-F8AE-4670-8289-982E73A1F5EE}.Debug|Any CPU.Build.0 = Debug|Any CPU
		{8776A247-F8AE-4670-8289-982E73A1F5EE}.Debug|x64.ActiveCfg = Debug|Any CPU
		{8776A247-F8AE-4670-8289-982E73A1F5EE}.Debug|x86.ActiveCfg = Debug|Any CPU
		{8776A247-F8AE-4670-8289-982E73A1F5EE}.Debug|x86.Build.0 = Debug|Any CPU
		{8776A247-F8AE-4670-8289-982E73A1F5EE}.Release|Any CPU.ActiveCfg = Release|Any CPU
		{8776A247-F8AE-4670-8289-982E73A1F5EE}.Release|Any CPU.Build.0 = Release|Any CPU
		{8776A247-F8AE-4670-8289-982E73A1F5EE}.Release|x64.ActiveCfg = Release|Any CPU
		{8776A247-F8AE-4670-8289-982E73A1F5EE}.Release|x86.ActiveCfg = Release|Any CPU
		{8776A247-F8AE-4670-8289-982E73A1F5EE}.Release|x86.Build.0 = Release|Any CPU
		{0E582087-4F6B-4695-B710-356870F45BA0}.Debug|Any CPU.ActiveCfg = Debug
		{0E582087-4F6B-4695-B710-356870F45BA0}.Debug|x64.ActiveCfg = Debug
		{0E582087-4F6B-4695-B710-356870F45BA0}.Debug|x86.ActiveCfg = Debug
		{0E582087-4F6B-4695-B710-356870F45BA0}.Release|Any CPU.ActiveCfg = Release
		{0E582087-4F6B-4695-B710-356870F45BA0}.Release|Any CPU.Build.0 = Release
		{0E582087-4F6B-4695-B710-356870F45BA0}.Release|x64.ActiveCfg = Release
		{0E582087-4F6B-4695-B710-356870F45BA0}.Release|x86.ActiveCfg = Release
		{03AB686A-72C8-4AC9-9E95-174650F59691}.Debug|Any CPU.ActiveCfg = Debug|Win32
		{03AB686A-72C8-4AC9-9E95-174650F59691}.Debug|Any CPU.Build.0 = Debug|Win32
		{03AB686A-72C8-4AC9-9E95-174650F59691}.Debug|x64.ActiveCfg = Debug|x64
		{03AB686A-72C8-4AC9-9E95-174650F59691}.Debug|x86.ActiveCfg = Debug|Win32
		{03AB686A-72C8-4AC9-9E95-174650F59691}.Debug|x86.Build.0 = Debug|Win32
		{03AB686A-72C8-4AC9-9E95-174650F59691}.Release|Any CPU.ActiveCfg = Release|Win32
		{03AB686A-72C8-4AC9-9E95-174650F59691}.Release|Any CPU.Build.0 = Release|Win32
		{03AB686A-72C8-4AC9-9E95-174650F59691}.Release|x64.ActiveCfg = Release|x64
		{03AB686A-72C8-4AC9-9E95-174650F59691}.Release|x86.ActiveCfg = Release|Win32
		{03AB686A-72C8-4AC9-9E95-174650F59691}.Release|x86.Build.0 = Release|Win32
	EndGlobalSection
	GlobalSection(SolutionProperties) = preSolution
		HideSolutionNode = FALSE
	EndGlobalSection
	GlobalSection(NestedProjects) = preSolution
		{4271C0D6-153F-4FEB-9601-736FBCDE2A19} = {AE691DA1-7802-42D6-9E74-FCAB56FC8C2F}
		{6E65E97A-1347-4694-BEBB-DE6AA062AF7E} = {702E967C-3BB6-4A3D-A002-E770CAD12CA4}
		{639A3C99-86B9-47D8-9E6B-9A46CDB87008} = {AE691DA1-7802-42D6-9E74-FCAB56FC8C2F}
		{9337466F-E5C0-4A60-83BA-B8BBF04FD7CF} = {E7EE4D4C-EC76-4F35-9CC8-8755778D6C7B}
		{8776A247-F8AE-4670-8289-982E73A1F5EE} = {702E967C-3BB6-4A3D-A002-E770CAD12CA4}
		{0E582087-4F6B-4695-B710-356870F45BA0} = {702E967C-3BB6-4A3D-A002-E770CAD12CA4}
		{03AB686A-72C8-4AC9-9E95-174650F59691} = {AE691DA1-7802-42D6-9E74-FCAB56FC8C2F}
		{E7EE4D4C-EC76-4F35-9CC8-8755778D6C7B} = {FDB2D535-1B33-4C44-A6A7-6503CB40A203}
		{AE691DA1-7802-42D6-9E74-FCAB56FC8C2F} = {FDB2D535-1B33-4C44-A6A7-6503CB40A203}
		{75DFD2B9-208D-4AA7-9EE0-EF35918B9BF6} = {E7EE4D4C-EC76-4F35-9CC8-8755778D6C7B}
		{76841BAC-7ED7-40AD-A8AD-8D152058EAFB} = {75DFD2B9-208D-4AA7-9EE0-EF35918B9BF6}
	EndGlobalSection
	GlobalSection(ExtensibilityGlobals) = postSolution
		SolutionGuid = {392E224E-4A61-4552-BC78-61D7E0B14629}
	EndGlobalSection
	GlobalSection(SharedMSBuildProjectFiles) = preSolution
		3rdPartyLibs\WinReg\WinReg.vcxitems*{03ab686a-72c8-4ac9-9e95-174650f59691}*SharedItemsImports = 4
		3rdPartyLibs\WinReg\WinReg.vcxitems*{639a3c99-86b9-47d8-9e6b-9a46cdb87008}*SharedItemsImports = 4
		3rdPartyLibs\WinReg\WinReg.vcxitems*{76841bac-7ed7-40ad-a8ad-8d152058eafb}*SharedItemsImports = 9
		3rdPartyLibs\WinReg\WinReg.vcxitems*{9337466f-e5c0-4a60-83ba-b8bbf04fd7cf}*SharedItemsImports = 4
	EndGlobalSection
EndGlobal
