<?xml version="1.0" encoding="utf-8"?>
<Project ToolsVersion="4.0" xmlns="http://schemas.microsoft.com/developer/msbuild/2003">
  <ItemGroup>
    <ClCompile Include="pch.cpp">
      <Filter>Source</Filter>
    </ClCompile>
    <ClCompile Include="SystemInfoTests.cpp">
      <Filter>Source\SpecterLibTests</Filter>
    </ClCompile>
    <ClCompile Include="UserInfoTests.cpp">
      <Filter>Source\SpecterLibTests</Filter>
    </ClCompile>
    <ClCompile Include="TimeUtilsTests.cpp">
      <Filter>Source\SpecterLibTests</Filter>
    </ClCompile>
    <ClCompile Include="SyscallExceptionTests.cpp">
      <Filter>Source\SpecterLibTests</Filter>
    </ClCompile>
    <ClCompile Include="CommonPathsTests.cpp">
      <Filter>Source\SpecterLibTests</Filter>
    </ClCompile>
    <ClCompile Include="StrUtilsTests.cpp">
      <Filter>Source\SpecterLibTests</Filter>
    </ClCompile>
    <ClCompile Include="SelfProcessUtilsTests.cpp">
      <Filter>Source\SpecterLibTests</Filter>
    </ClCompile>
    <ClCompile Include="ResourceUtilsTests.cpp">
      <Filter>Source\SpecterLibTests</Filter>
    </ClCompile>
  </ItemGroup>
  <ItemGroup>
    <Filter Include="Source">
      <UniqueIdentifier>{11c5d7c7-0496-424e-b494-e1e5573f1be7}</UniqueIdentifier>
    </Filter>
    <Filter Include="Source\SpecterLibTests">
      <UniqueIdentifier>{b949917a-1377-4140-a6bb-276cf3cd704f}</UniqueIdentifier>
    </Filter>
    <Filter Include="Resources">
      <UniqueIdentifier>{ec7d8906-105b-428f-b3db-91187066f0af}</UniqueIdentifier>
    </Filter>
  </ItemGroup>
  <ItemGroup>
    <ClInclude Include="pch.h">
      <Filter>Source</Filter>
    </ClInclude>
    <ClInclude Include="resource.h">
      <Filter>Resources</Filter>
    </ClInclude>
  </ItemGroup>
  <ItemGroup>
    <None Include="packages.config" />
  </ItemGroup>
  <ItemGroup>
    <ResourceCompile Include="SpecterUnitTests.rc">
      <Filter>Resources</Filter>
    </ResourceCompile>
  </ItemGroup>
</Project>