<?xml version="1.0" encoding="utf-8"?>
<Project ToolsVersion="4.0" xmlns="http://schemas.microsoft.com/developer/msbuild/2003">
  <ItemGroup>
    <ClCompile Include="pch.cpp">
      <Filter>Source</Filter>
    </ClCompile>
    <ClCompile Include="SystemInfoTests.cpp">
      <Filter>Source\Tests</Filter>
    </ClCompile>
    <ClCompile Include="UserInfoTests.cpp">
      <Filter>Source\Tests</Filter>
    </ClCompile>
    <ClCompile Include="TimeUtilsTests.cpp">
      <Filter>Source\Tests</Filter>
    </ClCompile>
    <ClCompile Include="SyscallExceptionTests.cpp">
      <Filter>Source\Tests</Filter>
    </ClCompile>
  </ItemGroup>
  <ItemGroup>
    <Filter Include="Source">
      <UniqueIdentifier>{11c5d7c7-0496-424e-b494-e1e5573f1be7}</UniqueIdentifier>
    </Filter>
    <Filter Include="Source\Tests">
      <UniqueIdentifier>{b949917a-1377-4140-a6bb-276cf3cd704f}</UniqueIdentifier>
    </Filter>
  </ItemGroup>
  <ItemGroup>
    <ClInclude Include="pch.h">
      <Filter>Source</Filter>
    </ClInclude>
  </ItemGroup>
  <ItemGroup>
    <None Include="packages.config" />
  </ItemGroup>
</Project>