<?xml version="1.0" encoding="utf-8"?>
<Project ToolsVersion="4.0" xmlns="http://schemas.microsoft.com/developer/msbuild/2003">
  <ItemGroup>
    <Filter Include="Source Files">
      <UniqueIdentifier>{4FC737F1-C7A5-4376-A066-2A32D752A2FF}</UniqueIdentifier>
      <Extensions>cpp;c;cc;cxx;c++;cppm;ixx;def;odl;idl;hpj;bat;asm;asmx</Extensions>
    </Filter>
    <Filter Include="Source Files\Utils">
      <UniqueIdentifier>{db7c071f-4af5-4811-b260-3d3936814e65}</UniqueIdentifier>
    </Filter>
    <Filter Include="Source Files\Comms">
      <UniqueIdentifier>{17857f59-8a76-41e9-beb9-fd45effe40f1}</UniqueIdentifier>
    </Filter>
    <Filter Include="Source Files\Utils\HandleWrapping">
      <UniqueIdentifier>{31ca0e93-041b-4f46-9b4e-59407b778dbb}</UniqueIdentifier>
    </Filter>
    <Filter Include="Source Files\Utils\Process">
      <UniqueIdentifier>{c489017f-c419-4e5a-ad39-3b7391883569}</UniqueIdentifier>
    </Filter>
    <Filter Include="Source Files\PCH">
      <UniqueIdentifier>{971b6728-03a4-453e-82fb-155f949a465c}</UniqueIdentifier>
    </Filter>
    <Filter Include="Source Files\Configuration">
      <UniqueIdentifier>{c4f5690e-df1c-48ec-b142-15753a9560e1}</UniqueIdentifier>
    </Filter>
  </ItemGroup>
  <ItemGroup>
    <ClCompile Include="ServerConnection.cpp">
      <Filter>Source Files\Comms</Filter>
    </ClCompile>
    <ClCompile Include="CommonPaths.cpp">
      <Filter>Source Files\Utils</Filter>
    </ClCompile>
    <ClCompile Include="SystemInfo.cpp">
      <Filter>Source Files\Utils</Filter>
    </ClCompile>
    <ClCompile Include="UserInfo.cpp">
      <Filter>Source Files\Utils</Filter>
    </ClCompile>
    <ClCompile Include="TimeUtils.cpp">
      <Filter>Source Files\Utils</Filter>
    </ClCompile>
    <ClCompile Include="BaseHandleWrapper.h">
      <Filter>Source Files\Utils\HandleWrapping</Filter>
    </ClCompile>
    <ClCompile Include="AllHandleWrappers.cpp">
      <Filter>Source Files\Utils\HandleWrapping</Filter>
    </ClCompile>
    <ClCompile Include="ResourceUtils.cpp">
      <Filter>Source Files\Utils</Filter>
    </ClCompile>
    <ClCompile Include="ApplicationMutex.cpp">
      <Filter>Source Files\Utils</Filter>
    </ClCompile>
    <ClCompile Include="SelfProcessUtils.cpp">
      <Filter>Source Files\Utils\Process</Filter>
    </ClCompile>
    <ClCompile Include="ProcessUtils.cpp">
      <Filter>Source Files\Utils\Process</Filter>
    </ClCompile>
    <ClCompile Include="pch.cpp">
      <Filter>Source Files\PCH</Filter>
    </ClCompile>
    <ClCompile Include="Algorithm.cpp">
      <Filter>Source Files\Utils</Filter>
    </ClCompile>
    <ClCompile Include="Cryptography.cpp">
      <Filter>Source Files\Utils</Filter>
    </ClCompile>
    <ClCompile Include="InitialConfig.cpp">
      <Filter>Source Files\Configuration</Filter>
    </ClCompile>
    <ClCompile Include="StrUtils.ixx">
      <Filter>Source Files\Utils</Filter>
    </ClCompile>
    <ClCompile Include="SyscallException.ixx">
      <Filter>Source Files\Utils</Filter>
    </ClCompile>
  </ItemGroup>
  <ItemGroup>
    <ClInclude Include="TimeUtils.h">
      <Filter>Source Files\Utils</Filter>
    </ClInclude>
    <ClInclude Include="ServerConnection.h">
      <Filter>Source Files\Comms</Filter>
    </ClInclude>
    <ClInclude Include="CommonPaths.h">
      <Filter>Source Files\Utils</Filter>
    </ClInclude>
    <ClInclude Include="UserInfo.h">
      <Filter>Source Files\Utils</Filter>
    </ClInclude>
    <ClInclude Include="SystemInfo.h">
      <Filter>Source Files\Utils</Filter>
    </ClInclude>
    <ClInclude Include="AllHandleWrappers.h">
      <Filter>Source Files\Utils\HandleWrapping</Filter>
    </ClInclude>
    <ClInclude Include="ResourceUtils.h">
      <Filter>Source Files\Utils</Filter>
    </ClInclude>
    <ClInclude Include="ApplicationMutex.h">
      <Filter>Source Files\Utils</Filter>
    </ClInclude>
    <ClInclude Include="SelfProcessUtils.h">
      <Filter>Source Files\Utils\Process</Filter>
    </ClInclude>
    <ClInclude Include="ProcessUtils.h">
      <Filter>Source Files\Utils\Process</Filter>
    </ClInclude>
    <ClInclude Include="pch.h">
      <Filter>Source Files\PCH</Filter>
    </ClInclude>
    <ClInclude Include="Cryptography.h">
      <Filter>Source Files\Utils</Filter>
    </ClInclude>
    <ClInclude Include="InitialConfig.h">
      <Filter>Source Files\Configuration</Filter>
    </ClInclude>
  </ItemGroup>
  <ItemGroup>
    <None Include="Algorithm.h">
      <Filter>Source Files\Utils</Filter>
    </None>
  </ItemGroup>
</Project>